{
  "name": "src",
  "version": "1.0.0",
  "lockfileVersion": 2,
  "requires": true,
  "packages": {
    "": {
      "name": "src",
      "version": "1.0.0",
      "license": "ISC",
      "dependencies": {
        "to-words": "^3.0.0"
      }
    },
    "node_modules/to-words": {
      "version": "3.0.0",
      "resolved": "https://registry.npmjs.org/to-words/-/to-words-3.0.0.tgz",
      "integrity": "sha512-NVuWjwLMcETCU5EnTrx81nCXBMUS+PGf2ACjcv1pTtGGvxfFctFFqoEjAwRmQ849PpE5jZLKw3Fhc8VV4LxWvQ==",
      "engines": {
        "node": ">=12.0.0"
      }
    }
  },
  "dependencies": {
    "to-words": {
      "version": "3.0.0",
      "resolved": "https://registry.npmjs.org/to-words/-/to-words-3.0.0.tgz",
      "integrity": "sha512-NVuWjwLMcETCU5EnTrx81nCXBMUS+PGf2ACjcv1pTtGGvxfFctFFqoEjAwRmQ849PpE5jZLKw3Fhc8VV4LxWvQ=="
    }
  }
}
